
Microsoft Visual Studio Solution File, Format Version 12.00
# Visual Studio 15
VisualStudioVersion = 15.0.27428.2037
MinimumVisualStudioVersion = 10.0.40219.1
Project("{FAE04EC0-301F-11D3-BF4B-00C04F79EFBC}") = "Dz-17", "Dz-17\Dz-17.csproj", "{A8191508-1611-4130-887A-C2262B61159A}"
EndProject
Global
	GlobalSection(SolutionConfigurationPlatforms) = preSolution
		Debug|Any CPU = Debug|Any CPU
		Release|Any CPU = Release|Any CPU
	EndGlobalSection
	GlobalSection(ProjectConfigurationPlatforms) = postSolution
		{A8191508-1611-4130-887A-C2262B61159A}.Debug|Any CPU.ActiveCfg = Debug|Any CPU
		{A8191508-1611-4130-887A-C2262B61159A}.Debug|Any CPU.Build.0 = Debug|Any CPU
		{A8191508-1611-4130-887A-C2262B61159A}.Release|Any CPU.ActiveCfg = Release|Any CPU
		{A8191508-1611-4130-887A-C2262B61159A}.Release|Any CPU.Build.0 = Release|Any CPU
	EndGlobalSection
	GlobalSection(SolutionProperties) = preSolution
		HideSolutionNode = FALSE
	EndGlobalSection
	GlobalSection(ExtensibilityGlobals) = postSolution
		SolutionGuid = {1225EE63-ADC7-467C-86A9-8CC579639762}
	EndGlobalSection
EndGlobal
